Microsoft Visual Studio Solution File, Format Version 12.00
# Visual Studio Version 17
VisualStudioVersion = 17.13.35806.99
MinimumVisualStudioVersion = 10.0.40219.1
Project("{FAE04EC0-301F-11D3-BF4B-00C04F79EFBC}") = "medianocta.AppHost", "medianocta.AppHost\medianocta.AppHost.csproj", "{F9DE9D96-2EDB-4710-BE0D-28A443FF7CAB}"
EndProject
Project("{FAE04EC0-301F-11D3-BF4B-00C04F79EFBC}") = "medianocta.ServiceDefaults", "medianocta.ServiceDefaults\medianocta.ServiceDefaults.csproj", "{96E8BFEB-D751-0C4A-EB5D-6E8D579B1994}"
EndProject
Project("{2150E333-8FDC-42A3-9474-1A3956D46DE8}") = "Aspire", "Aspire", "{02EA681E-C7D8-13C7-8484-4AC65E1B71E8}"
EndProject
Project("{2150E333-8FDC-42A3-9474-1A3956D46DE8}") = "UI", "UI", "{922261E3-A8F4-411B-A12F-8E13FCB33A59}"
EndProject
Project("{FAE04EC0-301F-11D3-BF4B-00C04F79EFBC}") = "Website", "Website\Website\Website.csproj", "{7700E84D-7B6D-2380-AB62-9E7ACCCE100B}"
EndProject
Project("{FAE04EC0-301F-11D3-BF4B-00C04F79EFBC}") = "Website.Client", "Website\Website.Client\Website.Client.csproj", "{BBD12AB4-9F54-1F5C-D073-21259B9DBF80}"
EndProject
Project("{2150E333-8FDC-42A3-9474-1A3956D46DE8}") = "APIs", "APIs", "{47A59703-A078-4A0D-B25C-037CC3ACCF07}"
EndProject
Project("{FAE04EC0-301F-11D3-BF4B-00C04F79EFBC}") = "BlogApi", "BlogApi\BlogApi.csproj", "{FDC53E20-1ADF-7C7D-1FE1-5874878FD458}"
EndProject
Project("{2150E333-8FDC-42A3-9474-1A3956D46DE8}") = "CodeLibraries", "CodeLibraries", "{B53B7FE3-9C58-4C66-954F-9D00BC0F2C7F}"
EndProject
Project("{FAE04EC0-301F-11D3-BF4B-00C04F79EFBC}") = "BlogLibrary", "BlogLibrary\BlogLibrary.csproj", "{311F97BE-05C1-4F75-AEF6-94551568A2E5}"
	ProjectSection(ProjectDependencies) = postProject
		{E55801B7-7505-4D08-857E-DA8FC9085989} = {E55801B7-7505-4D08-857E-DA8FC9085989}
	EndProjectSection
EndProject
Project("{FAE04EC0-301F-11D3-BF4B-00C04F79EFBC}") = "ActivityAPI", "ActivityAPI\ActivityAPI.csproj", "{0FCA53B2-80EE-07FC-34CA-D5B7E83FDE6F}"
EndProject
Project("{FAE04EC0-301F-11D3-BF4B-00C04F79EFBC}") = "SharedLibrary", "SharedLibrary\SharedLibrary.csproj", "{E55801B7-7505-4D08-857E-DA8FC9085989}"
EndProject
Project("{2150E333-8FDC-42A3-9474-1A3956D46DE8}") = "Database", "Database", "{75C570B7-4F52-459D-B2CB-9B611C29E315}"
EndProject
Project("{FAE04EC0-301F-11D3-BF4B-00C04F79EFBC}") = "DatabaseManager", "DatabaseManager\DatabaseManager.csproj", "{6BBF7FA6-AAE6-7675-3B65-04B7A2867D61}"
EndProject
Project("{2150E333-8FDC-42A3-9474-1A3956D46DE8}") = "APIGateway", "APIGateway", "{A0FB2EE8-FF8C-4121-AAC1-F806B37E945A}"
EndProject
Project("{FAE04EC0-301F-11D3-BF4B-00C04F79EFBC}") = "YarpConfigLibrary", "YarpConfigLibrary\YarpConfigLibrary.csproj", "{F9EF5911-0226-4C11-A784-EED38B250BB5}"
EndProject
Project("{FAE04EC0-301F-11D3-BF4B-00C04F79EFBC}") = "APIGateway", "APIGateway\APIGateway.csproj", "{5962411E-A380-4717-A385-94171D94561D}"
EndProject
Project("{2150E333-8FDC-42A3-9474-1A3956D46DE8}") = "Solution Items", "Solution Items", "{380576D1-4AA7-4475-9E08-43364376CACA}"
	ProjectSection(SolutionItems) = preProject
		compose.yaml = compose.yaml
	EndProjectSection
EndProject
Project("{FAE04EC0-301F-11D3-BF4B-00C04F79EFBC}") = "FragmentAPI", "FragmentAPI\FragmentAPI.csproj", "{53C39C90-536F-40A2-8931-8C6FD484DACF}"
EndProject
Project("{FAE04EC0-301F-11D3-BF4B-00C04F79EFBC}") = "FragmentLibrary", "FragmentLibrary\FragmentLibrary.csproj", "{C7C0EA1F-D139-4277-A445-5E72CE8A9935}"
EndProject
Project("{FAE04EC0-301F-11D3-BF4B-00C04F79EFBC}") = "DatabaseSeeder", "DatabaseSeeder\DatabaseSeeder.csproj", "{F15EB0A5-7280-45A7-98E3-F40EDEBF918B}"
EndProject
Global
	GlobalSection(SolutionConfigurationPlatforms) = preSolution
		Debug|Any CPU = Debug|Any CPU
		Release|Any CPU = Release|Any CPU
	EndGlobalSection
	GlobalSection(ProjectConfigurationPlatforms) = postSolution
		{F9DE9D96-2EDB-4710-BE0D-28A443FF7CAB}.Debug|Any CPU.ActiveCfg = Debug|Any CPU
		{F9DE9D96-2EDB-4710-BE0D-28A443FF7CAB}.Debug|Any CPU.Build.0 = Debug|Any CPU
		{F9DE9D96-2EDB-4710-BE0D-28A443FF7CAB}.Release|Any CPU.ActiveCfg = Release|Any CPU
		{F9DE9D96-2EDB-4710-BE0D-28A443FF7CAB}.Release|Any CPU.Build.0 = Release|Any CPU
		{96E8BFEB-D751-0C4A-EB5D-6E8D579B1994}.Debug|Any CPU.ActiveCfg = Debug|Any CPU
		{96E8BFEB-D751-0C4A-EB5D-6E8D579B1994}.Debug|Any CPU.Build.0 = Debug|Any CPU
		{96E8BFEB-D751-0C4A-EB5D-6E8D579B1994}.Release|Any CPU.ActiveCfg = Release|Any CPU
		{96E8BFEB-D751-0C4A-EB5D-6E8D579B1994}.Release|Any CPU.Build.0 = Release|Any CPU
		{7700E84D-7B6D-2380-AB62-9E7ACCCE100B}.Debug|Any CPU.ActiveCfg = Debug|Any CPU
		{7700E84D-7B6D-2380-AB62-9E7ACCCE100B}.Debug|Any CPU.Build.0 = Debug|Any CPU
		{7700E84D-7B6D-2380-AB62-9E7ACCCE100B}.Release|Any CPU.ActiveCfg = Release|Any CPU
		{7700E84D-7B6D-2380-AB62-9E7ACCCE100B}.Release|Any CPU.Build.0 = Release|Any CPU
		{BBD12AB4-9F54-1F5C-D073-21259B9DBF80}.Debug|Any CPU.ActiveCfg = Debug|Any CPU
		{BBD12AB4-9F54-1F5C-D073-21259B9DBF80}.Debug|Any CPU.Build.0 = Debug|Any CPU
		{BBD12AB4-9F54-1F5C-D073-21259B9DBF80}.Release|Any CPU.ActiveCfg = Release|Any CPU
		{BBD12AB4-9F54-1F5C-D073-21259B9DBF80}.Release|Any CPU.Build.0 = Release|Any CPU
		{FDC53E20-1ADF-7C7D-1FE1-5874878FD458}.Debug|Any CPU.ActiveCfg = Debug|Any CPU
		{FDC53E20-1ADF-7C7D-1FE1-5874878FD458}.Debug|Any CPU.Build.0 = Debug|Any CPU
		{FDC53E20-1ADF-7C7D-1FE1-5874878FD458}.Release|Any CPU.ActiveCfg = Release|Any CPU
		{FDC53E20-1ADF-7C7D-1FE1-5874878FD458}.Release|Any CPU.Build.0 = Release|Any CPU
		{311F97BE-05C1-4F75-AEF6-94551568A2E5}.Debug|Any CPU.ActiveCfg = Debug|Any CPU
		{311F97BE-05C1-4F75-AEF6-94551568A2E5}.Debug|Any CPU.Build.0 = Debug|Any CPU
		{311F97BE-05C1-4F75-AEF6-94551568A2E5}.Release|Any CPU.ActiveCfg = Release|Any CPU
		{311F97BE-05C1-4F75-AEF6-94551568A2E5}.Release|Any CPU.Build.0 = Release|Any CPU
		{0FCA53B2-80EE-07FC-34CA-D5B7E83FDE6F}.Debug|Any CPU.ActiveCfg = Debug|Any CPU
		{0FCA53B2-80EE-07FC-34CA-D5B7E83FDE6F}.Debug|Any CPU.Build.0 = Debug|Any CPU
		{0FCA53B2-80EE-07FC-34CA-D5B7E83FDE6F}.Release|Any CPU.ActiveCfg = Release|Any CPU
		{0FCA53B2-80EE-07FC-34CA-D5B7E83FDE6F}.Release|Any CPU.Build.0 = Release|Any CPU
		{E55801B7-7505-4D08-857E-DA8FC9085989}.Debug|Any CPU.ActiveCfg = Debug|Any CPU
		{E55801B7-7505-4D08-857E-DA8FC9085989}.Debug|Any CPU.Build.0 = Debug|Any CPU
		{E55801B7-7505-4D08-857E-DA8FC9085989}.Release|Any CPU.ActiveCfg = Release|Any CPU
		{E55801B7-7505-4D08-857E-DA8FC9085989}.Release|Any CPU.Build.0 = Release|Any CPU
		{6BBF7FA6-AAE6-7675-3B65-04B7A2867D61}.Debug|Any CPU.ActiveCfg = Debug|Any CPU
		{6BBF7FA6-AAE6-7675-3B65-04B7A2867D61}.Debug|Any CPU.Build.0 = Debug|Any CPU
		{6BBF7FA6-AAE6-7675-3B65-04B7A2867D61}.Release|Any CPU.ActiveCfg = Release|Any CPU
		{6BBF7FA6-AAE6-7675-3B65-04B7A2867D61}.Release|Any CPU.Build.0 = Release|Any CPU
		{F9EF5911-0226-4C11-A784-EED38B250BB5}.Debug|Any CPU.ActiveCfg = Debug|Any CPU
		{F9EF5911-0226-4C11-A784-EED38B250BB5}.Debug|Any CPU.Build.0 = Debug|Any CPU
		{F9EF5911-0226-4C11-A784-EED38B250BB5}.Release|Any CPU.ActiveCfg = Release|Any CPU
		{F9EF5911-0226-4C11-A784-EED38B250BB5}.Release|Any CPU.Build.0 = Release|Any CPU
		{5962411E-A380-4717-A385-94171D94561D}.Debug|Any CPU.ActiveCfg = Debug|Any CPU
		{5962411E-A380-4717-A385-94171D94561D}.Debug|Any CPU.Build.0 = Debug|Any CPU
		{5962411E-A380-4717-A385-94171D94561D}.Release|Any CPU.ActiveCfg = Release|Any CPU
		{5962411E-A380-4717-A385-94171D94561D}.Release|Any CPU.Build.0 = Release|Any CPU
		{53C39C90-536F-40A2-8931-8C6FD484DACF}.Debug|Any CPU.ActiveCfg = Debug|Any CPU
		{53C39C90-536F-40A2-8931-8C6FD484DACF}.Debug|Any CPU.Build.0 = Debug|Any CPU
		{53C39C90-536F-40A2-8931-8C6FD484DACF}.Release|Any CPU.ActiveCfg = Release|Any CPU
		{53C39C90-536F-40A2-8931-8C6FD484DACF}.Release|Any CPU.Build.0 = Release|Any CPU
		{C7C0EA1F-D139-4277-A445-5E72CE8A9935}.Debug|Any CPU.ActiveCfg = Debug|Any CPU
		{C7C0EA1F-D139-4277-A445-5E72CE8A9935}.Debug|Any CPU.Build.0 = Debug|Any CPU
		{C7C0EA1F-D139-4277-A445-5E72CE8A9935}.Release|Any CPU.ActiveCfg = Release|Any CPU
		{C7C0EA1F-D139-4277-A445-5E72CE8A9935}.Release|Any CPU.Build.0 = Release|Any CPU
		{F15EB0A5-7280-45A7-98E3-F40EDEBF918B}.Debug|Any CPU.ActiveCfg = Debug|Any CPU
		{F15EB0A5-7280-45A7-98E3-F40EDEBF918B}.Debug|Any CPU.Build.0 = Debug|Any CPU
		{F15EB0A5-7280-45A7-98E3-F40EDEBF918B}.Release|Any CPU.ActiveCfg = Release|Any CPU
		{F15EB0A5-7280-45A7-98E3-F40EDEBF918B}.Release|Any CPU.Build.0 = Release|Any CPU
	EndGlobalSection
	GlobalSection(SolutionProperties) = preSolution
		HideSolutionNode = FALSE
	EndGlobalSection
	GlobalSection(NestedProjects) = preSolution
		{F9DE9D96-2EDB-4710-BE0D-28A443FF7CAB} = {02EA681E-C7D8-13C7-8484-4AC65E1B71E8}
		{96E8BFEB-D751-0C4A-EB5D-6E8D579B1994} = {02EA681E-C7D8-13C7-8484-4AC65E1B71E8}
		{7700E84D-7B6D-2380-AB62-9E7ACCCE100B} = {922261E3-A8F4-411B-A12F-8E13FCB33A59}
		{BBD12AB4-9F54-1F5C-D073-21259B9DBF80} = {922261E3-A8F4-411B-A12F-8E13FCB33A59}
		{FDC53E20-1ADF-7C7D-1FE1-5874878FD458} = {47A59703-A078-4A0D-B25C-037CC3ACCF07}
		{311F97BE-05C1-4F75-AEF6-94551568A2E5} = {B53B7FE3-9C58-4C66-954F-9D00BC0F2C7F}
		{0FCA53B2-80EE-07FC-34CA-D5B7E83FDE6F} = {47A59703-A078-4A0D-B25C-037CC3ACCF07}
		{E55801B7-7505-4D08-857E-DA8FC9085989} = {B53B7FE3-9C58-4C66-954F-9D00BC0F2C7F}
		{6BBF7FA6-AAE6-7675-3B65-04B7A2867D61} = {75C570B7-4F52-459D-B2CB-9B611C29E315}
		{F9EF5911-0226-4C11-A784-EED38B250BB5} = {B53B7FE3-9C58-4C66-954F-9D00BC0F2C7F}
		{5962411E-A380-4717-A385-94171D94561D} = {A0FB2EE8-FF8C-4121-AAC1-F806B37E945A}
		{53C39C90-536F-40A2-8931-8C6FD484DACF} = {47A59703-A078-4A0D-B25C-037CC3ACCF07}
		{C7C0EA1F-D139-4277-A445-5E72CE8A9935} = {B53B7FE3-9C58-4C66-954F-9D00BC0F2C7F}
		{F15EB0A5-7280-45A7-98E3-F40EDEBF918B} = {75C570B7-4F52-459D-B2CB-9B611C29E315}
	EndGlobalSection
	GlobalSection(ExtensibilityGlobals) = postSolution
		SolutionGuid = {E91EC6FE-1905-42AB-A476-B701B43703F8}
	EndGlobalSection
EndGlobal
